
Microsoft Visual Studio Solution File, Format Version 12.00
# Visual Studio Version 16
VisualStudioVersion = 16.0.30413.136
MinimumVisualStudioVersion = 10.0.40219.1
Project("{888888A0-9F3D-457C-B088-3A5042F75D52}") = "Visual Studio GUI", "Visual Studio GUI\Visual Studio GUI.pyproj", "{FEB231FE-4573-4AF2-8C74-019427EA1F44}"
EndProject
Global
	GlobalSection(SolutionConfigurationPlatforms) = preSolution
		Debug|Any CPU = Debug|Any CPU
		Release|Any CPU = Release|Any CPU
	EndGlobalSection
	GlobalSection(ProjectConfigurationPlatforms) = postSolution
		{FEB231FE-4573-4AF2-8C74-019427EA1F44}.Debug|Any CPU.ActiveCfg = Debug|Any CPU
		{FEB231FE-4573-4AF2-8C74-019427EA1F44}.Release|Any CPU.ActiveCfg = Release|Any CPU
	EndGlobalSection
	GlobalSection(SolutionProperties) = preSolution
		HideSolutionNode = FALSE
	EndGlobalSection
	GlobalSection(ExtensibilityGlobals) = postSolution
		SolutionGuid = {93FF9694-E793-4C9E-813D-5829484A8FD7}
	EndGlobalSection
EndGlobal
